
Microsoft Visual Studio Solution File, Format Version 12.00
# Visual Studio 14
VisualStudioVersion = 14.0.25420.1
MinimumVisualStudioVersion = 10.0.40219.1
Project("{FAE04EC0-301F-11D3-BF4B-00C04F79EFBC}") = "client", "client\client.csproj", "{B157C43A-3642-4B91-B53B-FBD6CF0347E5}"
EndProject
Project("{FAE04EC0-301F-11D3-BF4B-00C04F79EFBC}") = "server", "server\server.csproj", "{CB0C8566-9286-42AB-B62C-C71C97496833}"
EndProject
Global
	GlobalSection(SolutionConfigurationPlatforms) = preSolution
		Debug|Any CPU = Debug|Any CPU
		Release|Any CPU = Release|Any CPU
	EndGlobalSection
	GlobalSection(ProjectConfigurationPlatforms) = postSolution
		{B157C43A-3642-4B91-B53B-FBD6CF0347E5}.Debug|Any CPU.ActiveCfg = Debug|Any CPU
		{B157C43A-3642-4B91-B53B-FBD6CF0347E5}.Debug|Any CPU.Build.0 = Debug|Any CPU
		{B157C43A-3642-4B91-B53B-FBD6CF0347E5}.Release|Any CPU.ActiveCfg = Release|Any CPU
		{B157C43A-3642-4B91-B53B-FBD6CF0347E5}.Release|Any CPU.Build.0 = Release|Any CPU
		{CB0C8566-9286-42AB-B62C-C71C97496833}.Debug|Any CPU.ActiveCfg = Debug|Any CPU
		{CB0C8566-9286-42AB-B62C-C71C97496833}.Debug|Any CPU.Build.0 = Debug|Any CPU
		{CB0C8566-9286-42AB-B62C-C71C97496833}.Release|Any CPU.ActiveCfg = Release|Any CPU
		{CB0C8566-9286-42AB-B62C-C71C97496833}.Release|Any CPU.Build.0 = Release|Any CPU
	EndGlobalSection
	GlobalSection(SolutionProperties) = preSolution
		HideSolutionNode = FALSE
	EndGlobalSection
EndGlobal
